Microsoft Visual Studio Solution File, Format Version 11.00
# Visual Studio 2008

Project("{F1E5574B-B9FE-B78F-DD4E-0E40C6CAF2D8}") = "CreatureDrive", "Assembly-CSharp-firstpass-vs.csproj", "{732B00F9-3521-7AF9-9D76-14E1D2C5FFC5}"
EndProject
Project("{F1E5574B-B9FE-B78F-DD4E-0E40C6CAF2D8}") = "CreatureDrive", "Assembly-CSharp-vs.csproj", "{9385928E-B0D0-A51B-DF18-ABA5129F5C8A}"
EndProject
Project("{F1E5574B-B9FE-B78F-DD4E-0E40C6CAF2D8}") = "CreatureDrive", "Assembly-CSharp-Editor-vs.csproj", "{5832FA27-0EA4-E738-631B-C6EF33BEB874}"
EndProject
Global
	GlobalSection(SolutionConfigurationPlatforms) = preSolution
		Debug|Any CPU = Debug|Any CPU
		Release|Any CPU = Release|Any CPU
	EndGlobalSection
	GlobalSection(ProjectConfigurationPlatforms) = postSolution
		{732B00F9-3521-7AF9-9D76-14E1D2C5FFC5}.Debug|Any CPU.ActiveCfg = Debug|Any CPU
		{732B00F9-3521-7AF9-9D76-14E1D2C5FFC5}.Debug|Any CPU.Build.0 = Debug|Any CPU
		{732B00F9-3521-7AF9-9D76-14E1D2C5FFC5}.Release|Any CPU.ActiveCfg = Release|Any CPU
		{732B00F9-3521-7AF9-9D76-14E1D2C5FFC5}.Release|Any CPU.Build.0 = Release|Any CPU
		{9385928E-B0D0-A51B-DF18-ABA5129F5C8A}.Debug|Any CPU.ActiveCfg = Debug|Any CPU
		{9385928E-B0D0-A51B-DF18-ABA5129F5C8A}.Debug|Any CPU.Build.0 = Debug|Any CPU
		{9385928E-B0D0-A51B-DF18-ABA5129F5C8A}.Release|Any CPU.ActiveCfg = Release|Any CPU
		{9385928E-B0D0-A51B-DF18-ABA5129F5C8A}.Release|Any CPU.Build.0 = Release|Any CPU
		{5832FA27-0EA4-E738-631B-C6EF33BEB874}.Debug|Any CPU.ActiveCfg = Debug|Any CPU
		{5832FA27-0EA4-E738-631B-C6EF33BEB874}.Debug|Any CPU.Build.0 = Debug|Any CPU
		{5832FA27-0EA4-E738-631B-C6EF33BEB874}.Release|Any CPU.ActiveCfg = Release|Any CPU
		{5832FA27-0EA4-E738-631B-C6EF33BEB874}.Release|Any CPU.Build.0 = Release|Any CPU
	EndGlobalSection
	GlobalSection(SolutionProperties) = preSolution
		HideSolutionNode = FALSE
	EndGlobalSection
																																																																																																																																																																																															GlobalSection(MonoDevelopProperties) = preSolution
		StartupItem = Assembly-CSharp.csproj
		Policies = $0
		$0.TextStylePolicy = $1
		$1.inheritsSet = null
		$1.scope = text/x-csharp
		$0.CSharpFormattingPolicy = $2
		$2.inheritsSet = Mono
		$2.inheritsScope = text/x-csharp
		$2.scope = text/x-csharp
		$0.TextStylePolicy = $3
		$3.FileWidth = 120
		$3.TabsToSpaces = False
		$3.EolMarker = Unix
		$3.inheritsSet = VisualStudio
		$3.inheritsScope = text/plain
		$3.scope = text/plain
	EndGlobalSection

EndGlobal
